
Microsoft Visual Studio Solution File, Format Version 12.00
# Visual Studio Version 17
VisualStudioVersion = 17.3.32929.385
MinimumVisualStudioVersion = 10.0.40219.1
Project("{FAE04EC0-301F-11D3-BF4B-00C04F79EFBC}") = "Shedule", "Window 1\Shedule.csproj", "{65DEC2B2-AD76-468D-9061-80DA855D8F17}"
EndProject
Global
	GlobalSection(SolutionConfigurationPlatforms) = preSolution
		Debug|Any CPU = Debug|Any CPU
		Release|Any CPU = Release|Any CPU
	EndGlobalSection
	GlobalSection(ProjectConfigurationPlatforms) = postSolution
		{65DEC2B2-AD76-468D-9061-80DA855D8F17}.Debug|Any CPU.ActiveCfg = Debug|Any CPU
		{65DEC2B2-AD76-468D-9061-80DA855D8F17}.Debug|Any CPU.Build.0 = Debug|Any CPU
		{65DEC2B2-AD76-468D-9061-80DA855D8F17}.Release|Any CPU.ActiveCfg = Release|Any CPU
		{65DEC2B2-AD76-468D-9061-80DA855D8F17}.Release|Any CPU.Build.0 = Release|Any CPU
	EndGlobalSection
	GlobalSection(SolutionProperties) = preSolution
		HideSolutionNode = FALSE
	EndGlobalSection
	GlobalSection(ExtensibilityGlobals) = postSolution
		SolutionGuid = {6BFD6059-9C00-4616-97B3-088D18879751}
	EndGlobalSection
EndGlobal
